// !$*UTF8*$!
{
	archiveVersion = 1;
	classes = {
	};
	objectVersion = 56;
	objects = {

/* Begin PBXBuildFile section */
		CDE5BCF72A2ED63600AC9693 /* DogPhotos.swift in Sources */ = {isa = PBXBuildFile; fileRef = CDE5BCF62A2ED63600AC9693 /* DogPhotos.swift */; };
		CDE5BCFA2A2EDAEF00AC9693 /* Kingfisher in Frameworks */ = {isa = PBXBuildFile; productRef = CDE5BCF92A2EDAEF00AC9693 /* Kingfisher */; };
		CDE5BD032A2F451300AC9693 /* Hello Valentina.ttf in Resources */ = {isa = PBXBuildFile; fileRef = CDE5BD022A2F451200AC9693 /* Hello Valentina.ttf */; };
		CDE5BD0C2A2F6D1500AC9693 /* Lottie in Frameworks */ = {isa = PBXBuildFile; productRef = CDE5BD0B2A2F6D1500AC9693 /* Lottie */; };
		CDE5BD0F2A2F6DB900AC9693 /* 127157-moody-dog.json in Resources */ = {isa = PBXBuildFile; fileRef = CDE5BD0E2A2F6DB900AC9693 /* 127157-moody-dog.json */; };
		CDE5BD112A2F6DEB00AC9693 /* LottieView.swift in Sources */ = {isa = PBXBuildFile; fileRef = CDE5BD102A2F6DEB00AC9693 /* LottieView.swift */; };
		CDE5BD132A2F790200AC9693 /* SplashScreenView.swift in Sources */ = {isa = PBXBuildFile; fileRef = CDE5BD122A2F790200AC9693 /* SplashScreenView.swift */; };
		CDF799382A2E791900C2C79B /* PuppyParseApp.swift in Sources */ = {isa = PBXBuildFile; fileRef = CDF799372A2E791900C2C79B /* PuppyParseApp.swift */; };
		CDF7993A2A2E791900C2C79B /* HomeView.swift in Sources */ = {isa = PBXBuildFile; fileRef = CDF799392A2E791900C2C79B /* HomeView.swift */; };
		CDF7993C2A2E791C00C2C79B /* Assets.xcassets in Resources */ = {isa = PBXBuildFile; fileRef = CDF7993B2A2E791C00C2C79B /* Assets.xcassets */; };
		CDF7993F2A2E791C00C2C79B /* Preview Assets.xcassets in Resources */ = {isa = PBXBuildFile; fileRef = CDF7993E2A2E791C00C2C79B /* Preview Assets.xcassets */; };
		CDF7994A2A2E8BDD00C2C79B /* DogCell.swift in Sources */ = {isa = PBXBuildFile; fileRef = CDF799492A2E8BDD00C2C79B /* DogCell.swift */; };
		CDF7994C2A2E8C9300C2C79B /* DogList.swift in Sources */ = {isa = PBXBuildFile; fileRef = CDF7994B2A2E8C9300C2C79B /* DogList.swift */; };
		CDF7994E2A2E907C00C2C79B /* NetworkCollar.swift in Sources */ = {isa = PBXBuildFile; fileRef = CDF7994D2A2E907B00C2C79B /* NetworkCollar.swift */; };
		CDF799502A2EB76E00C2C79B /* DogDetailView.swift in Sources */ = {isa = PBXBuildFile; fileRef = CDF7994F2A2EB76E00C2C79B /* DogDetailView.swift */; };
		CDF799522A2ECC5800C2C79B /* NetworkCollarEndpoints.swift in Sources */ = {isa = PBXBuildFile; fileRef = CDF799512A2ECC5800C2C79B /* NetworkCollarEndpoints.swift */; };
/* End PBXBuildFile section */

/* Begin PBXFileReference section */
		CDE5BCF62A2ED63600AC9693 /* DogPhotos.swift */ = {isa = PBXFileReference; lastKnownFileType = sourcecode.swift; path = DogPhotos.swift; sourceTree = "<group>"; };
		CDE5BD012A2F396000AC9693 /* Info.plist */ = {isa = PBXFileReference; lastKnownFileType = text.plist; path = Info.plist; sourceTree = "<group>"; };
		CDE5BD022A2F451200AC9693 /* Hello Valentina.ttf */ = {isa = PBXFileReference; lastKnownFileType = file; path = "Hello Valentina.ttf"; sourceTree = "<group>"; };
		CDE5BD0E2A2F6DB900AC9693 /* 127157-moody-dog.json */ = {isa = PBXFileReference; fileEncoding = 4; lastKnownFileType = text.json; path = "127157-moody-dog.json"; sourceTree = "<group>"; };
		CDE5BD102A2F6DEB00AC9693 /* LottieView.swift */ = {isa = PBXFileReference; lastKnownFileType = sourcecode.swift; path = LottieView.swift; sourceTree = "<group>"; };
		CDE5BD122A2F790200AC9693 /* SplashScreenView.swift */ = {isa = PBXFileReference; lastKnownFileType = sourcecode.swift; path = SplashScreenView.swift; sourceTree = "<group>"; };
		CDF799342A2E791900C2C79B /* PuppyParse.app */ = {isa = PBXFileReference; explicitFileType = wrapper.application; includeInIndex = 0; path = PuppyParse.app; sourceTree = BUILT_PRODUCTS_DIR; };
		CDF799372A2E791900C2C79B /* PuppyParseApp.swift */ = {isa = PBXFileReference; lastKnownFileType = sourcecode.swift; path = PuppyParseApp.swift; sourceTree = "<group>"; };
		CDF799392A2E791900C2C79B /* HomeView.swift */ = {isa = PBXFileReference; lastKnownFileType = sourcecode.swift; path = HomeView.swift; sourceTree = "<group>"; };
		CDF7993B2A2E791C00C2C79B /* Assets.xcassets */ = {isa = PBXFileReference; lastKnownFileType = folder.assetcatalog; path = Assets.xcassets; sourceTree = "<group>"; };
		CDF7993E2A2E791C00C2C79B /* Preview Assets.xcassets */ = {isa = PBXFileReference; lastKnownFileType = folder.assetcatalog; path = "Preview Assets.xcassets"; sourceTree = "<group>"; };
		CDF799492A2E8BDD00C2C79B /* DogCell.swift */ = {isa = PBXFileReference; lastKnownFileType = sourcecode.swift; path = DogCell.swift; sourceTree = "<group>"; };
		CDF7994B2A2E8C9300C2C79B /* DogList.swift */ = {isa = PBXFileReference; lastKnownFileType = sourcecode.swift; path = DogList.swift; sourceTree = "<group>"; };
		CDF7994D2A2E907B00C2C79B /* NetworkCollar.swift */ = {isa = PBXFileReference; lastKnownFileType = sourcecode.swift; path = NetworkCollar.swift; sourceTree = "<group>"; };
		CDF7994F2A2EB76E00C2C79B /* DogDetailView.swift */ = {isa = PBXFileReference; lastKnownFileType = sourcecode.swift; path = DogDetailView.swift; sourceTree = "<group>"; };
		CDF799512A2ECC5800C2C79B /* NetworkCollarEndpoints.swift */ = {isa = PBXFileReference; lastKnownFileType = sourcecode.swift; path = NetworkCollarEndpoints.swift; sourceTree = "<group>"; };
/* End PBXFileReference section */

/* Begin PBXFrameworksBuildPhase section */
		CDF799312A2E791900C2C79B /* Frameworks */ = {
			isa = PBXFrameworksBuildPhase;
			buildActionMask = 2147483647;
			files = (
				CDE5BCFA2A2EDAEF00AC9693 /* Kingfisher in Frameworks */,
				CDE5BD0C2A2F6D1500AC9693 /* Lottie in Frameworks */,
			);
			runOnlyForDeploymentPostprocessing = 0;
		};
/* End PBXFrameworksBuildPhase section */

/* Begin PBXGroup section */
		CDE5BCFE2A2F373D00AC9693 /* Font */ = {
			isa = PBXGroup;
			children = (
				CDE5BD022A2F451200AC9693 /* Hello Valentina.ttf */,
			);
			path = Font;
			sourceTree = "<group>";
		};
		CDE5BD0D2A2F6DA400AC9693 /* Lottie */ = {
			isa = PBXGroup;
			children = (
				CDE5BD0E2A2F6DB900AC9693 /* 127157-moody-dog.json */,
			);
			path = Lottie;
			sourceTree = "<group>";
		};
		CDF7992B2A2E791900C2C79B = {
			isa = PBXGroup;
			children = (
				CDF799362A2E791900C2C79B /* PuppyParse */,
				CDF799352A2E791900C2C79B /* Products */,
			);
			sourceTree = "<group>";
		};
		CDF799352A2E791900C2C79B /* Products */ = {
			isa = PBXGroup;
			children = (
				CDF799342A2E791900C2C79B /* PuppyParse.app */,
			);
			name = Products;
			sourceTree = "<group>";
		};
		CDF799362A2E791900C2C79B /* PuppyParse */ = {
			isa = PBXGroup;
			children = (
				CDE5BD0D2A2F6DA400AC9693 /* Lottie */,
				CDE5BD012A2F396000AC9693 /* Info.plist */,
				CDE5BCFE2A2F373D00AC9693 /* Font */,
				CDF799372A2E791900C2C79B /* PuppyParseApp.swift */,
				CDF799452A2E8B3800C2C79B /* Views */,
				CDF799472A2E8B7A00C2C79B /* Cells */,
				CDF799482A2E8B8800C2C79B /* Models */,
				CDF7993B2A2E791C00C2C79B /* Assets.xcassets */,
				CDF7993D2A2E791C00C2C79B /* Preview Content */,
			);
			path = PuppyParse;
			sourceTree = "<group>";
		};
		CDF7993D2A2E791C00C2C79B /* Preview Content */ = {
			isa = PBXGroup;
			children = (
				CDF7993E2A2E791C00C2C79B /* Preview Assets.xcassets */,
			);
			path = "Preview Content";
			sourceTree = "<group>";
		};
		CDF799452A2E8B3800C2C79B /* Views */ = {
			isa = PBXGroup;
			children = (
				CDF799392A2E791900C2C79B /* HomeView.swift */,
				CDF7994F2A2EB76E00C2C79B /* DogDetailView.swift */,
				CDE5BD102A2F6DEB00AC9693 /* LottieView.swift */,
				CDE5BD122A2F790200AC9693 /* SplashScreenView.swift */,
			);
			path = Views;
			sourceTree = "<group>";
		};
		CDF799472A2E8B7A00C2C79B /* Cells */ = {
			isa = PBXGroup;
			children = (
				CDF799492A2E8BDD00C2C79B /* DogCell.swift */,
			);
			path = Cells;
			sourceTree = "<group>";
		};
		CDF799482A2E8B8800C2C79B /* Models */ = {
			isa = PBXGroup;
			children = (
				CDF7994B2A2E8C9300C2C79B /* DogList.swift */,
				CDE5BCF62A2ED63600AC9693 /* DogPhotos.swift */,
				CDF7994D2A2E907B00C2C79B /* NetworkCollar.swift */,
				CDF799512A2ECC5800C2C79B /* NetworkCollarEndpoints.swift */,
			);
			path = Models;
			sourceTree = "<group>";
		};
/* End PBXGroup section */

/* Begin PBXNativeTarget section */
		CDF799332A2E791900C2C79B /* PuppyParse */ = {
			isa = PBXNativeTarget;
			buildConfigurationList = CDF799422A2E791C00C2C79B /* Build configuration list for PBXNativeTarget "PuppyParse" */;
			buildPhases = (
				CDF799302A2E791900C2C79B /* Sources */,
				CDF799312A2E791900C2C79B /* Frameworks */,
				CDF799322A2E791900C2C79B /* Resources */,
			);
			buildRules = (
			);
			dependencies = (
			);
			name = PuppyParse;
			packageProductDependencies = (
				CDE5BCF92A2EDAEF00AC9693 /* Kingfisher */,
				CDE5BD0B2A2F6D1500AC9693 /* Lottie */,
			);
			productName = PuppyParse;
			productReference = CDF799342A2E791900C2C79B /* PuppyParse.app */;
			productType = "com.apple.product-type.application";
		};
/* End PBXNativeTarget section */

/* Begin PBXProject section */
		CDF7992C2A2E791900C2C79B /* Project object */ = {
			isa = PBXProject;
			attributes = {
				BuildIndependentTargetsInParallel = 1;
				LastSwiftUpdateCheck = 1430;
				LastUpgradeCheck = 1430;
				TargetAttributes = {
					CDF799332A2E791900C2C79B = {
						CreatedOnToolsVersion = 14.3.1;
					};
				};
			};
			buildConfigurationList = CDF7992F2A2E791900C2C79B /* Build configuration list for PBXProject "PuppyParse" */;
			compatibilityVersion = "Xcode 14.0";
			developmentRegion = en;
			hasScannedForEncodings = 0;
			knownRegions = (
				en,
				Base,
			);
			mainGroup = CDF7992B2A2E791900C2C79B;
			packageReferences = (
				CDE5BCF82A2EDAEF00AC9693 /* XCRemoteSwiftPackageReference "Kingfisher" */,
				CDE5BD0A2A2F6D1500AC9693 /* XCRemoteSwiftPackageReference "lottie-ios" */,
			);
			productRefGroup = CDF799352A2E791900C2C79B /* Products */;
			projectDirPath = "";
			projectRoot = "";
			targets = (
				CDF799332A2E791900C2C79B /* PuppyParse */,
			);
		};
/* End PBXProject section */

/* Begin PBXResourcesBuildPhase section */
		CDF799322A2E791900C2C79B /* Resources */ = {
			isa = PBXResourcesBuildPhase;
			buildActionMask = 2147483647;
			files = (
				CDE5BD0F2A2F6DB900AC9693 /* 127157-moody-dog.json in Resources */,
				CDE5BD032A2F451300AC9693 /* Hello Valentina.ttf in Resources */,
				CDF7993F2A2E791C00C2C79B /* Preview Assets.xcassets in Resources */,
				CDF7993C2A2E791C00C2C79B /* Assets.xcassets in Resources */,
			);
			runOnlyForDeploymentPostprocessing = 0;
		};
/* End PBXResourcesBuildPhase section */

/* Begin PBXSourcesBuildPhase section */
		CDF799302A2E791900C2C79B /* Sources */ = {
			isa = PBXSourcesBuildPhase;
			buildActionMask = 2147483647;
			files = (
				CDF7994E2A2E907C00C2C79B /* NetworkCollar.swift in Sources */,
				CDE5BCF72A2ED63600AC9693 /* DogPhotos.swift in Sources */,
				CDE5BD112A2F6DEB00AC9693 /* LottieView.swift in Sources */,
				CDF7994C2A2E8C9300C2C79B /* DogList.swift in Sources */,
				CDF7993A2A2E791900C2C79B /* HomeView.swift in Sources */,
				CDF799382A2E791900C2C79B /* PuppyParseApp.swift in Sources */,
				CDF799502A2EB76E00C2C79B /* DogDetailView.swift in Sources */,
				CDE5BD132A2F790200AC9693 /* SplashScreenView.swift in Sources */,
				CDF7994A2A2E8BDD00C2C79B /* DogCell.swift in Sources */,
				CDF799522A2ECC5800C2C79B /* NetworkCollarEndpoints.swift in Sources */,
			);
			runOnlyForDeploymentPostprocessing = 0;
		};
/* End PBXSourcesBuildPhase section */

/* Begin XCBuildConfiguration section */
		CDF799402A2E791C00C2C79B /* Debug */ = {
			isa = XCBuildConfiguration;
			buildSettings = {
				ALWAYS_SEARCH_USER_PATHS = NO;
				CLANG_ANALYZER_NONNULL = YES;
				CLANG_ANALYZER_NUMBER_OBJECT_CONVERSION = YES_AGGRESSIVE;
				CLANG_CXX_LANGUAGE_STANDARD = "gnu++20";
				CLANG_ENABLE_MODULES = YES;
				CLANG_ENABLE_OBJC_ARC = YES;
				CLANG_ENABLE_OBJC_WEAK = YES;
				CLANG_WARN_BLOCK_CAPTURE_AUTORELEASING = YES;
				CLANG_WARN_BOOL_CONVERSION = YES;
				CLANG_WARN_COMMA = YES;
				CLANG_WARN_CONSTANT_CONVERSION = YES;
				CLANG_WARN_DEPRECATED_OBJC_IMPLEMENTATIONS = YES;
				CLANG_WARN_DIRECT_OBJC_ISA_USAGE = YES_ERROR;
				CLANG_WARN_DOCUMENTATION_COMMENTS = YES;
				CLANG_WARN_EMPTY_BODY = YES;
				CLANG_WARN_ENUM_CONVERSION = YES;
				CLANG_WARN_INFINITE_RECURSION = YES;
				CLANG_WARN_INT_CONVERSION = YES;
				CLANG_WARN_NON_LITERAL_NULL_CONVERSION = YES;
				CLANG_WARN_OBJC_IMPLICIT_RETAIN_SELF = YES;
				CLANG_WARN_OBJC_LITERAL_CONVERSION = YES;
				CLANG_WARN_OBJC_ROOT_CLASS = YES_ERROR;
				CLANG_WARN_QUOTED_INCLUDE_IN_FRAMEWORK_HEADER = YES;
				CLANG_WARN_RANGE_LOOP_ANALYSIS = YES;
				CLANG_WARN_STRICT_PROTOTYPES = YES;
				CLANG_WARN_SUSPICIOUS_MOVE = YES;
				CLANG_WARN_UNGUARDED_AVAILABILITY = YES_AGGRESSIVE;
				CLANG_WARN_UNREACHABLE_CODE = YES;
				CLANG_WARN__DUPLICATE_METHOD_MATCH = YES;
				COPY_PHASE_STRIP = NO;
				DEBUG_INFORMATION_FORMAT = dwarf;
				ENABLE_STRICT_OBJC_MSGSEND = YES;
				ENABLE_TESTABILITY = YES;
				GCC_C_LANGUAGE_STANDARD = gnu11;
				GCC_DYNAMIC_NO_PIC = NO;
				GCC_NO_COMMON_BLOCKS = YES;
				GCC_OPTIMIZATION_LEVEL = 0;
				GCC_PREPROCESSOR_DEFINITIONS = (
					"DEBUG=1",
					"$(inherited)",
				);
				GCC_WARN_64_TO_32_BIT_CONVERSION = YES;
				GCC_WARN_ABOUT_RETURN_TYPE = YES_ERROR;
				GCC_WARN_UNDECLARED_SELECTOR = YES;
				GCC_WARN_UNINITIALIZED_AUTOS = YES_AGGRESSIVE;
				GCC_WARN_UNUSED_FUNCTION = YES;
				GCC_WARN_UNUSED_VARIABLE = YES;
				IPHONEOS_DEPLOYMENT_TARGET = 16.4;
				MTL_ENABLE_DEBUG_INFO = INCLUDE_SOURCE;
				MTL_FAST_MATH = YES;
				ONLY_ACTIVE_ARCH = YES;
				SDKROOT = iphoneos;
				SWIFT_ACTIVE_COMPILATION_CONDITIONS = DEBUG;
				SWIFT_OPTIMIZATION_LEVEL = "-Onone";
			};
			name = Debug;
		};
		CDF799412A2E791C00C2C79B /* Release */ = {
			isa = XCBuildConfiguration;
			buildSettings = {
				ALWAYS_SEARCH_USER_PATHS = NO;
				CLANG_ANALYZER_NONNULL = YES;
				CLANG_ANALYZER_NUMBER_OBJECT_CONVERSION = YES_AGGRESSIVE;
				CLANG_CXX_LANGUAGE_STANDARD = "gnu++20";
				CLANG_ENABLE_MODULES = YES;
				CLANG_ENABLE_OBJC_ARC = YES;
				CLANG_ENABLE_OBJC_WEAK = YES;
				CLANG_WARN_BLOCK_CAPTURE_AUTORELEASING = YES;
				CLANG_WARN_BOOL_CONVERSION = YES;
				CLANG_WARN_COMMA = YES;
				CLANG_WARN_CONSTANT_CONVERSION = YES;
				CLANG_WARN_DEPRECATED_OBJC_IMPLEMENTATIONS = YES;
				CLANG_WARN_DIRECT_OBJC_ISA_USAGE = YES_ERROR;
				CLANG_WARN_DOCUMENTATION_COMMENTS = YES;
				CLANG_WARN_EMPTY_BODY = YES;
				CLANG_WARN_ENUM_CONVERSION = YES;
				CLANG_WARN_INFINITE_RECURSION = YES;
				CLANG_WARN_INT_CONVERSION = YES;
				CLANG_WARN_NON_LITERAL_NULL_CONVERSION = YES;
				CLANG_WARN_OBJC_IMPLICIT_RETAIN_SELF = YES;
				CLANG_WARN_OBJC_LITERAL_CONVERSION = YES;
				CLANG_WARN_OBJC_ROOT_CLASS = YES_ERROR;
				CLANG_WARN_QUOTED_INCLUDE_IN_FRAMEWORK_HEADER = YES;
				CLANG_WARN_RANGE_LOOP_ANALYSIS = YES;
				CLANG_WARN_STRICT_PROTOTYPES = YES;
				CLANG_WARN_SUSPICIOUS_MOVE = YES;
				CLANG_WARN_UNGUARDED_AVAILABILITY = YES_AGGRESSIVE;
				CLANG_WARN_UNREACHABLE_CODE = YES;
				CLANG_WARN__DUPLICATE_METHOD_MATCH = YES;
				COPY_PHASE_STRIP = NO;
				DEBUG_INFORMATION_FORMAT = "dwarf-with-dsym";
				ENABLE_NS_ASSERTIONS = NO;
				ENABLE_STRICT_OBJC_MSGSEND = YES;
				GCC_C_LANGUAGE_STANDARD = gnu11;
				GCC_NO_COMMON_BLOCKS = YES;
				GCC_WARN_64_TO_32_BIT_CONVERSION = YES;
				GCC_WARN_ABOUT_RETURN_TYPE = YES_ERROR;
				GCC_WARN_UNDECLARED_SELECTOR = YES;
				GCC_WARN_UNINITIALIZED_AUTOS = YES_AGGRESSIVE;
				GCC_WARN_UNUSED_FUNCTION = YES;
				GCC_WARN_UNUSED_VARIABLE = YES;
				IPHONEOS_DEPLOYMENT_TARGET = 16.4;
				MTL_ENABLE_DEBUG_INFO = NO;
				MTL_FAST_MATH = YES;
				SDKROOT = iphoneos;
				SWIFT_COMPILATION_MODE = wholemodule;
				SWIFT_OPTIMIZATION_LEVEL = "-O";
				VALIDATE_PRODUCT = YES;
			};
			name = Release;
		};
		CDF799432A2E791C00C2C79B /* Debug */ = {
			isa = XCBuildConfiguration;
			buildSettings = {
				ASSETCATALOG_COMPILER_APPICON_NAME = AppIcon;
				ASSETCATALOG_COMPILER_GLOBAL_ACCENT_COLOR_NAME = AccentColor;
				CODE_SIGN_STYLE = Automatic;
				CURRENT_PROJECT_VERSION = 1;
				DEVELOPMENT_ASSET_PATHS = "\"PuppyParse/Preview Content\"";
				DEVELOPMENT_TEAM = RYNY4CYWCT;
				ENABLE_PREVIEWS = YES;
				GENERATE_INFOPLIST_FILE = YES;
				INFOPLIST_FILE = PuppyParse/Info.plist;
				INFOPLIST_KEY_UIApplicationSceneManifest_Generation = YES;
				INFOPLIST_KEY_UIApplicationSupportsIndirectInputEvents = YES;
				INFOPLIST_KEY_UILaunchScreen_Generation = YES;
				INFOPLIST_KEY_UISupportedInterfaceOrientations = UIInterfaceOrientationPortrait;
				INFOPLIST_KEY_UISupportedInterfaceOrientations_iPad = "UIInterfaceOrientationLandscapeLeft UIInterfaceOrientationLandscapeRight UIInterfaceOrientationPortrait UIInterfaceOrientationPortraitUpsideDown";
				IPHONEOS_DEPLOYMENT_TARGET = 16.0;
				LD_RUNPATH_SEARCH_PATHS = (
					"$(inherited)",
					"@executable_path/Frameworks",
				);
				MARKETING_VERSION = 1.0;
				PRODUCT_BUNDLE_IDENTIFIER = KobePetrus.PuppyParse;
				PRODUCT_NAME = "$(TARGET_NAME)";
				SWIFT_EMIT_LOC_STRINGS = YES;
				SWIFT_VERSION = 5.0;
				TARGETED_DEVICE_FAMILY = "1,2";
			};
			name = Debug;
		};
		CDF799442A2E791C00C2C79B /* Release */ = {
			isa = XCBuildConfiguration;
			buildSettings = {
				ASSETCATALOG_COMPILER_APPICON_NAME = AppIcon;
				ASSETCATALOG_COMPILER_GLOBAL_ACCENT_COLOR_NAME = AccentColor;
				CODE_SIGN_STYLE = Automatic;
				CURRENT_PROJECT_VERSION = 1;
				DEVELOPMENT_ASSET_PATHS = "\"PuppyParse/Preview Content\"";
				DEVELOPMENT_TEAM = RYNY4CYWCT;
				ENABLE_PREVIEWS = YES;
				GENERATE_INFOPLIST_FILE = YES;
				INFOPLIST_FILE = PuppyParse/Info.plist;
				INFOPLIST_KEY_UIApplicationSceneManifest_Generation = YES;
				INFOPLIST_KEY_UIApplicationSupportsIndirectInputEvents = YES;
				INFOPLIST_KEY_UILaunchScreen_Generation = YES;
				INFOPLIST_KEY_UISupportedInterfaceOrientations = UIInterfaceOrientationPortrait;
				INFOPLIST_KEY_UISupportedInterfaceOrientations_iPad = "UIInterfaceOrientationLandscapeLeft UIInterfaceOrientationLandscapeRight UIInterfaceOrientationPortrait UIInterfaceOrientationPortraitUpsideDown";
				IPHONEOS_DEPLOYMENT_TARGET = 16.0;
				LD_RUNPATH_SEARCH_PATHS = (
					"$(inherited)",
					"@executable_path/Frameworks",
				);
				MARKETING_VERSION = 1.0;
				PRODUCT_BUNDLE_IDENTIFIER = KobePetrus.PuppyParse;
				PRODUCT_NAME = "$(TARGET_NAME)";
				SWIFT_EMIT_LOC_STRINGS = YES;
				SWIFT_VERSION = 5.0;
				TARGETED_DEVICE_FAMILY = "1,2";
			};
			name = Release;
		};
/* End XCBuildConfiguration section */

/* Begin XCConfigurationList section */
		CDF7992F2A2E791900C2C79B /* Build configuration list for PBXProject "PuppyParse" */ = {
			isa = XCConfigurationList;
			buildConfigurations = (
				CDF799402A2E791C00C2C79B /* Debug */,
				CDF799412A2E791C00C2C79B /* Release */,
			);
			defaultConfigurationIsVisible = 0;
			defaultConfigurationName = Release;
		};
		CDF799422A2E791C00C2C79B /* Build configuration list for PBXNativeTarget "PuppyParse" */ = {
			isa = XCConfigurationList;
			buildConfigurations = (
				CDF799432A2E791C00C2C79B /* Debug */,
				CDF799442A2E791C00C2C79B /* Release */,
			);
			defaultConfigurationIsVisible = 0;
			defaultConfigurationName = Release;
		};
/* End XCConfigurationList section */

/* Begin XCRemoteSwiftPackageReference section */
		CDE5BCF82A2EDAEF00AC9693 /* XCRemoteSwiftPackageReference "Kingfisher" */ = {
			isa = XCRemoteSwiftPackageReference;
			repositoryURL = "https://github.com/onevcat/Kingfisher";
			requirement = {
				kind = upToNextMajorVersion;
				minimumVersion = 7.0.0;
			};
		};
		CDE5BD0A2A2F6D1500AC9693 /* XCRemoteSwiftPackageReference "lottie-ios" */ = {
			isa = XCRemoteSwiftPackageReference;
			repositoryURL = "https://github.com/airbnb/lottie-ios";
			requirement = {
				kind = upToNextMajorVersion;
				minimumVersion = 4.0.0;
			};
		};
/* End XCRemoteSwiftPackageReference section */

/* Begin XCSwiftPackageProductDependency section */
		CDE5BCF92A2EDAEF00AC9693 /* Kingfisher */ = {
			isa = XCSwiftPackageProductDependency;
			package = CDE5BCF82A2EDAEF00AC9693 /* XCRemoteSwiftPackageReference "Kingfisher" */;
			productName = Kingfisher;
		};
		CDE5BD0B2A2F6D1500AC9693 /* Lottie */ = {
			isa = XCSwiftPackageProductDependency;
			package = CDE5BD0A2A2F6D1500AC9693 /* XCRemoteSwiftPackageReference "lottie-ios" */;
			productName = Lottie;
		};
/* End XCSwiftPackageProductDependency section */
	};
	rootObject = CDF7992C2A2E791900C2C79B /* Project object */;
}
